
Microsoft Visual Studio Solution File, Format Version 12.00
# Visual Studio 15
VisualStudioVersion = 15.0.27004.2002
MinimumVisualStudioVersion = 10.0.40219.1
Project("{FAE04EC0-301F-11D3-BF4B-00C04F79EFBC}") = "cw31", "cw31\cw31.csproj", "{F7692955-E4E4-46C4-AE69-DCBAFCE556CA}"
EndProject
Global
	GlobalSection(SolutionConfigurationPlatforms) = preSolution
		Debug|Any CPU = Debug|Any CPU
		Release|Any CPU = Release|Any CPU
	EndGlobalSection
	GlobalSection(ProjectConfigurationPlatforms) = postSolution
		{F7692955-E4E4-46C4-AE69-DCBAFCE556CA}.Debug|Any CPU.ActiveCfg = Debug|Any CPU
		{F7692955-E4E4-46C4-AE69-DCBAFCE556CA}.Debug|Any CPU.Build.0 = Debug|Any CPU
		{F7692955-E4E4-46C4-AE69-DCBAFCE556CA}.Release|Any CPU.ActiveCfg = Release|Any CPU
		{F7692955-E4E4-46C4-AE69-DCBAFCE556CA}.Release|Any CPU.Build.0 = Release|Any CPU
	EndGlobalSection
	GlobalSection(SolutionProperties) = preSolution
		HideSolutionNode = FALSE
	EndGlobalSection
	GlobalSection(ExtensibilityGlobals) = postSolution
		SolutionGuid = {BBCE03DC-E710-4888-B336-AF9D1131EE7C}
	EndGlobalSection
EndGlobal
